{
  "version": 4,
  "terraform_version": "1.16.4",
  "serial": 1,
  "lineage": "413eb0d5-9803-07e6-09e0-92fa3ee8014f",
  "outputs": {},
  "resources": [
    {
      "mode": "managed",
      "type": "virtualbox_nat_network",
      "name": "employee_platform",
      "provider": "provider[\"registry.terraform.io/eran132/vbox\"]",
      "instances": [
        {
          "schema_version": 0,
          "attributes": {
            "dhcp_enabled": true,
            "enabled": true,
            "id": "employee-platform-network",
            "ipv6": false,
            "name": "employee-platform-network",
            "network": "10.10.10.0/24",
            "port_forwarding": []
          },
          "sensitive_attributes": [],
          "identity_schema_version": 0,
          "private": "bnVsbA=="
        }
      ]
    }
  ],
  "check_results": null
}
